// !$*UTF8*$!
{
	archiveVersion = 1;
	classes = {
	};
	objectVersion = 46;
	objects = {

/* Begin PBXBuildFile section */
		D5BAD0FD189661BF0025604B /* Foundation.framework in Frameworks */ = {isa = PBXBuildFile; fileRef = D5BAD0FC189661BF0025604B /* Foundation.framework */; };
		D5BAD0FF189661BF0025604B /* CoreGraphics.framework in Frameworks */ = {isa = PBXBuildFile; fileRef = D5BAD0FE189661BF0025604B /* CoreGraphics.framework */; };
		D5BAD101189661BF0025604B /* UIKit.framework in Frameworks */ = {isa = PBXBuildFile; fileRef = D5BAD100189661BF0025604B /* UIKit.framework */; };
		D5BAD107189661BF0025604B /* InfoPlist.strings in Resources */ = {isa = PBXBuildFile; fileRef = D5BAD105189661BF0025604B /* InfoPlist.strings */; };
		D5BAD109189661BF0025604B /* main.m in Sources */ = {isa = PBXBuildFile; fileRef = D5BAD108189661BF0025604B /* main.m */; };
		D5BAD10D189661BF0025604B /* ARAppDelegate.m in Sources */ = {isa = PBXBuildFile; fileRef = D5BAD10C189661BF0025604B /* ARAppDelegate.m */; };
		D5BAD110189661BF0025604B /* ARViewController.m in Sources */ = {isa = PBXBuildFile; fileRef = D5BAD10F189661BF0025604B /* ARViewController.m */; };
		D5BAD113189661BF0025604B /* Main.storyboard in Resources */ = {isa = PBXBuildFile; fileRef = D5BAD111189661BF0025604B /* Main.storyboard */; };
		D5BAD115189661BF0025604B /* Images.xcassets in Resources */ = {isa = PBXBuildFile; fileRef = D5BAD114189661BF0025604B /* Images.xcassets */; };
		D5BAD11C189661BF0025604B /* XCTest.framework in Frameworks */ = {isa = PBXBuildFile; fileRef = D5BAD11B189661BF0025604B /* XCTest.framework */; };
		D5BAD11D189661BF0025604B /* Foundation.framework in Frameworks */ = {isa = PBXBuildFile; fileRef = D5BAD0FC189661BF0025604B /* Foundation.framework */; };
		D5BAD11E189661BF0025604B /* UIKit.framework in Frameworks */ = {isa = PBXBuildFile; fileRef = D5BAD100189661BF0025604B /* UIKit.framework */; };
		D5BAD126189661BF0025604B /* InfoPlist.strings in Resources */ = {isa = PBXBuildFile; fileRef = D5BAD124189661BF0025604B /* InfoPlist.strings */; };
		D5BAD128189661BF0025604B /* FormTextFieldTests.m in Sources */ = {isa = PBXBuildFile; fileRef = D5BAD127189661BF0025604B /* FormTextFieldTests.m */; };
		D5BAD1341896620B0025604B /* ARFormTextField.m in Sources */ = {isa = PBXBuildFile; fileRef = D5BAD1331896620B0025604B /* ARFormTextField.m */; };
/* End PBXBuildFile section */

/* Begin PBXContainerItemProxy section */
		D5BAD11F189661BF0025604B /* PBXContainerItemProxy */ = {
			isa = PBXContainerItemProxy;
			containerPortal = D5BAD0F1189661BF0025604B /* Project object */;
			proxyType = 1;
			remoteGlobalIDString = D5BAD0F8189661BF0025604B;
			remoteInfo = FormTextField;
		};
/* End PBXContainerItemProxy section */

/* Begin PBXFileReference section */
		D5BAD0F9189661BF0025604B /* FormTextField.app */ = {isa = PBXFileReference; explicitFileType = wrapper.application; includeInIndex = 0; path = FormTextField.app; sourceTree = BUILT_PRODUCTS_DIR; };
		D5BAD0FC189661BF0025604B /* Foundation.framework */ = {isa = PBXFileReference; lastKnownFileType = wrapper.framework; name = Foundation.framework; path = System/Library/Frameworks/Foundation.framework; sourceTree = SDKROOT; };
		D5BAD0FE189661BF0025604B /* CoreGraphics.framework */ = {isa = PBXFileReference; lastKnownFileType = wrapper.framework; name = CoreGraphics.framework; path = System/Library/Frameworks/CoreGraphics.framework; sourceTree = SDKROOT; };
		D5BAD100189661BF0025604B /* UIKit.framework */ = {isa = PBXFileReference; lastKnownFileType = wrapper.framework; name = UIKit.framework; path = System/Library/Frameworks/UIKit.framework; sourceTree = SDKROOT; };
		D5BAD104189661BF0025604B /* FormTextField-Info.plist */ = {isa = PBXFileReference; lastKnownFileType = text.plist.xml; path = "FormTextField-Info.plist"; sourceTree = "<group>"; };
		D5BAD106189661BF0025604B /* en */ = {isa = PBXFileReference; lastKnownFileType = text.plist.strings; name = en; path = en.lproj/InfoPlist.strings; sourceTree = "<group>"; };
		D5BAD108189661BF0025604B /* main.m */ = {isa = PBXFileReference; lastKnownFileType = sourcecode.c.objc; path = main.m; sourceTree = "<group>"; };
		D5BAD10A189661BF0025604B /* FormTextField-Prefix.pch */ = {isa = PBXFileReference; lastKnownFileType = sourcecode.c.h; path = "FormTextField-Prefix.pch"; sourceTree = "<group>"; };
		D5BAD10B189661BF0025604B /* ARAppDelegate.h */ = {isa = PBXFileReference; lastKnownFileType = sourcecode.c.h; path = ARAppDelegate.h; sourceTree = "<group>"; };
		D5BAD10C189661BF0025604B /* ARAppDelegate.m */ = {isa = PBXFileReference; lastKnownFileType = sourcecode.c.objc; path = ARAppDelegate.m; sourceTree = "<group>"; };
		D5BAD10E189661BF0025604B /* ARViewController.h */ = {isa = PBXFileReference; lastKnownFileType = sourcecode.c.h; path = ARViewController.h; sourceTree = "<group>"; };
		D5BAD10F189661BF0025604B /* ARViewController.m */ = {isa = PBXFileReference; lastKnownFileType = sourcecode.c.objc; path = ARViewController.m; sourceTree = "<group>"; };
		D5BAD112189661BF0025604B /* Base */ = {isa = PBXFileReference; lastKnownFileType = file.storyboard; name = Base; path = Base.lproj/Main.storyboard; sourceTree = "<group>"; };
		D5BAD114189661BF0025604B /* Images.xcassets */ = {isa = PBXFileReference; lastKnownFileType = folder.assetcatalog; path = Images.xcassets; sourceTree = "<group>"; };
		D5BAD11A189661BF0025604B /* FormTextFieldTests.xctest */ = {isa = PBXFileReference; explicitFileType = wrapper.cfbundle; includeInIndex = 0; path = FormTextFieldTests.xctest; sourceTree = BUILT_PRODUCTS_DIR; };
		D5BAD11B189661BF0025604B /* XCTest.framework */ = {isa = PBXFileReference; lastKnownFileType = wrapper.framework; name = XCTest.framework; path = Library/Frameworks/XCTest.framework; sourceTree = DEVELOPER_DIR; };
		D5BAD123189661BF0025604B /* FormTextFieldTests-Info.plist */ = {isa = PBXFileReference; lastKnownFileType = text.plist.xml; path = "FormTextFieldTests-Info.plist"; sourceTree = "<group>"; };
		D5BAD125189661BF0025604B /* en */ = {isa = PBXFileReference; lastKnownFileType = text.plist.strings; name = en; path = en.lproj/InfoPlist.strings; sourceTree = "<group>"; };
		D5BAD127189661BF0025604B /* FormTextFieldTests.m */ = {isa = PBXFileReference; lastKnownFileType = sourcecode.c.objc; path = FormTextFieldTests.m; sourceTree = "<group>"; };
		D5BAD1321896620B0025604B /* ARFormTextField.h */ = {isa = PBXFileReference; fileEncoding = 4; lastKnownFileType = sourcecode.c.h; name = ARFormTextField.h; path = ARFormTextField/ARFormTextField.h; sourceTree = "<group>"; };
		D5BAD1331896620B0025604B /* ARFormTextField.m */ = {isa = PBXFileReference; fileEncoding = 4; lastKnownFileType = sourcecode.c.objc; name = ARFormTextField.m; path = ARFormTextField/ARFormTextField.m; sourceTree = "<group>"; };
/* End PBXFileReference section */

/* Begin PBXFrameworksBuildPhase section */
		D5BAD0F6189661BF0025604B /* Frameworks */ = {
			isa = PBXFrameworksBuildPhase;
			buildActionMask = 2147483647;
			files = (
				D5BAD0FF189661BF0025604B /* CoreGraphics.framework in Frameworks */,
				D5BAD101189661BF0025604B /* UIKit.framework in Frameworks */,
				D5BAD0FD189661BF0025604B /* Foundation.framework in Frameworks */,
			);
			runOnlyForDeploymentPostprocessing = 0;
		};
		D5BAD117189661BF0025604B /* Frameworks */ = {
			isa = PBXFrameworksBuildPhase;
			buildActionMask = 2147483647;
			files = (
				D5BAD11C189661BF0025604B /* XCTest.framework in Frameworks */,
				D5BAD11E189661BF0025604B /* UIKit.framework in Frameworks */,
				D5BAD11D189661BF0025604B /* Foundation.framework in Frameworks */,
			);
			runOnlyForDeploymentPostprocessing = 0;
		};
/* End PBXFrameworksBuildPhase section */

/* Begin PBXGroup section */
		D5BAD0F0189661BF0025604B = {
			isa = PBXGroup;
			children = (
				D5BAD131189661D30025604B /* ARFormTextField */,
				D5BAD102189661BF0025604B /* FormTextFieldDemo */,
				D5BAD121189661BF0025604B /* FormTextFieldTests */,
				D5BAD0FB189661BF0025604B /* Frameworks */,
				D5BAD0FA189661BF0025604B /* Products */,
			);
			sourceTree = "<group>";
		};
		D5BAD0FA189661BF0025604B /* Products */ = {
			isa = PBXGroup;
			children = (
				D5BAD0F9189661BF0025604B /* FormTextField.app */,
				D5BAD11A189661BF0025604B /* FormTextFieldTests.xctest */,
			);
			name = Products;
			sourceTree = "<group>";
		};
		D5BAD0FB189661BF0025604B /* Frameworks */ = {
			isa = PBXGroup;
			children = (
				D5BAD0FC189661BF0025604B /* Foundation.framework */,
				D5BAD0FE189661BF0025604B /* CoreGraphics.framework */,
				D5BAD100189661BF0025604B /* UIKit.framework */,
				D5BAD11B189661BF0025604B /* XCTest.framework */,
			);
			name = Frameworks;
			sourceTree = "<group>";
		};
		D5BAD102189661BF0025604B /* FormTextFieldDemo */ = {
			isa = PBXGroup;
			children = (
				D5BAD10B189661BF0025604B /* ARAppDelegate.h */,
				D5BAD10C189661BF0025604B /* ARAppDelegate.m */,
				D5BAD10E189661BF0025604B /* ARViewController.h */,
				D5BAD10F189661BF0025604B /* ARViewController.m */,
				D5BAD111189661BF0025604B /* Main.storyboard */,
				D5BAD114189661BF0025604B /* Images.xcassets */,
				D5BAD103189661BF0025604B /* Supporting Files */,
			);
			name = FormTextFieldDemo;
			path = FormTextField;
			sourceTree = "<group>";
		};
		D5BAD103189661BF0025604B /* Supporting Files */ = {
			isa = PBXGroup;
			children = (
				D5BAD104189661BF0025604B /* FormTextField-Info.plist */,
				D5BAD105189661BF0025604B /* InfoPlist.strings */,
				D5BAD108189661BF0025604B /* main.m */,
				D5BAD10A189661BF0025604B /* FormTextField-Prefix.pch */,
			);
			name = "Supporting Files";
			sourceTree = "<group>";
		};
		D5BAD121189661BF0025604B /* FormTextFieldTests */ = {
			isa = PBXGroup;
			children = (
				D5BAD127189661BF0025604B /* FormTextFieldTests.m */,
				D5BAD122189661BF0025604B /* Supporting Files */,
			);
			path = FormTextFieldTests;
			sourceTree = "<group>";
		};
		D5BAD122189661BF0025604B /* Supporting Files */ = {
			isa = PBXGroup;
			children = (
				D5BAD123189661BF0025604B /* FormTextFieldTests-Info.plist */,
				D5BAD124189661BF0025604B /* InfoPlist.strings */,
			);
			name = "Supporting Files";
			sourceTree = "<group>";
		};
		D5BAD131189661D30025604B /* ARFormTextField */ = {
			isa = PBXGroup;
			children = (
				D5BAD1321896620B0025604B /* ARFormTextField.h */,
				D5BAD1331896620B0025604B /* ARFormTextField.m */,
			);
			name = ARFormTextField;
			sourceTree = "<group>";
		};
/* End PBXGroup section */

/* Begin PBXNativeTarget section */
		D5BAD0F8189661BF0025604B /* FormTextField */ = {
			isa = PBXNativeTarget;
			buildConfigurationList = D5BAD12B189661BF0025604B /* Build configuration list for PBXNativeTarget "FormTextField" */;
			buildPhases = (
				D5BAD0F5189661BF0025604B /* Sources */,
				D5BAD0F6189661BF0025604B /* Frameworks */,
				D5BAD0F7189661BF0025604B /* Resources */,
			);
			buildRules = (
			);
			dependencies = (
			);
			name = FormTextField;
			productName = FormTextField;
			productReference = D5BAD0F9189661BF0025604B /* FormTextField.app */;
			productType = "com.apple.product-type.application";
		};
		D5BAD119189661BF0025604B /* FormTextFieldTests */ = {
			isa = PBXNativeTarget;
			buildConfigurationList = D5BAD12E189661BF0025604B /* Build configuration list for PBXNativeTarget "FormTextFieldTests" */;
			buildPhases = (
				D5BAD116189661BF0025604B /* Sources */,
				D5BAD117189661BF0025604B /* Frameworks */,
				D5BAD118189661BF0025604B /* Resources */,
			);
			buildRules = (
			);
			dependencies = (
				D5BAD120189661BF0025604B /* PBXTargetDependency */,
			);
			name = FormTextFieldTests;
			productName = FormTextFieldTests;
			productReference = D5BAD11A189661BF0025604B /* FormTextFieldTests.xctest */;
			productType = "com.apple.product-type.bundle.unit-test";
		};
/* End PBXNativeTarget section */

/* Begin PBXProject section */
		D5BAD0F1189661BF0025604B /* Project object */ = {
			isa = PBXProject;
			attributes = {
				CLASSPREFIX = AR;
				LastUpgradeCheck = 0500;
				ORGANIZATIONNAME = "Alejandro Rupérez";
				TargetAttributes = {
					D5BAD119189661BF0025604B = {
						TestTargetID = D5BAD0F8189661BF0025604B;
					};
				};
			};
			buildConfigurationList = D5BAD0F4189661BF0025604B /* Build configuration list for PBXProject "FormTextField" */;
			compatibilityVersion = "Xcode 3.2";
			developmentRegion = English;
			hasScannedForEncodings = 0;
			knownRegions = (
				en,
				Base,
			);
			mainGroup = D5BAD0F0189661BF0025604B;
			productRefGroup = D5BAD0FA189661BF0025604B /* Products */;
			projectDirPath = "";
			projectRoot = "";
			targets = (
				D5BAD0F8189661BF0025604B /* FormTextField */,
				D5BAD119189661BF0025604B /* FormTextFieldTests */,
			);
		};
/* End PBXProject section */

/* Begin PBXResourcesBuildPhase section */
		D5BAD0F7189661BF0025604B /* Resources */ = {
			isa = PBXResourcesBuildPhase;
			buildActionMask = 2147483647;
			files = (
				D5BAD115189661BF0025604B /* Images.xcassets in Resources */,
				D5BAD107189661BF0025604B /* InfoPlist.strings in Resources */,
				D5BAD113189661BF0025604B /* Main.storyboard in Resources */,
			);
			runOnlyForDeploymentPostprocessing = 0;
		};
		D5BAD118189661BF0025604B /* Resources */ = {
			isa = PBXResourcesBuildPhase;
			buildActionMask = 2147483647;
			files = (
				D5BAD126189661BF0025604B /* InfoPlist.strings in Resources */,
			);
			runOnlyForDeploymentPostprocessing = 0;
		};
/* End PBXResourcesBuildPhase section */

/* Begin PBXSourcesBuildPhase section */
		D5BAD0F5189661BF0025604B /* Sources */ = {
			isa = PBXSourcesBuildPhase;
			buildActionMask = 2147483647;
			files = (
				D5BAD1341896620B0025604B /* ARFormTextField.m in Sources */,
				D5BAD109189661BF0025604B /* main.m in Sources */,
				D5BAD110189661BF0025604B /* ARViewController.m in Sources */,
				D5BAD10D189661BF0025604B /* ARAppDelegate.m in Sources */,
			);
			runOnlyForDeploymentPostprocessing = 0;
		};
		D5BAD116189661BF0025604B /* Sources */ = {
			isa = PBXSourcesBuildPhase;
			buildActionMask = 2147483647;
			files = (
				D5BAD128189661BF0025604B /* FormTextFieldTests.m in Sources */,
			);
			runOnlyForDeploymentPostprocessing = 0;
		};
/* End PBXSourcesBuildPhase section */

/* Begin PBXTargetDependency section */
		D5BAD120189661BF0025604B /* PBXTargetDependency */ = {
			isa = PBXTargetDependency;
			target = D5BAD0F8189661BF0025604B /* FormTextField */;
			targetProxy = D5BAD11F189661BF0025604B /* PBXContainerItemProxy */;
		};
/* End PBXTargetDependency section */

/* Begin PBXVariantGroup section */
		D5BAD105189661BF0025604B /* InfoPlist.strings */ = {
			isa = PBXVariantGroup;
			children = (
				D5BAD106189661BF0025604B /* en */,
			);
			name = InfoPlist.strings;
			sourceTree = "<group>";
		};
		D5BAD111189661BF0025604B /* Main.storyboard */ = {
			isa = PBXVariantGroup;
			children = (
				D5BAD112189661BF0025604B /* Base */,
			);
			name = Main.storyboard;
			sourceTree = "<group>";
		};
		D5BAD124189661BF0025604B /* InfoPlist.strings */ = {
			isa = PBXVariantGroup;
			children = (
				D5BAD125189661BF0025604B /* en */,
			);
			name = InfoPlist.strings;
			sourceTree = "<group>";
		};
/* End PBXVariantGroup section */

/* Begin XCBuildConfiguration section */
		D5BAD129189661BF0025604B /* Debug */ = {
			isa = XCBuildConfiguration;
			buildSettings = {
				ALWAYS_SEARCH_USER_PATHS = NO;
				ARCHS = "$(ARCHS_STANDARD_INCLUDING_64_BIT)";
				CLANG_CXX_LANGUAGE_STANDARD = "gnu++0x";
				CLANG_CXX_LIBRARY = "libc++";
				CLANG_ENABLE_MODULES = YES;
				CLANG_ENABLE_OBJC_ARC = YES;
				CLANG_WARN_BOOL_CONVERSION = YES;
				CLANG_WARN_CONSTANT_CONVERSION = YES;
				CLANG_WARN_DIRECT_OBJC_ISA_USAGE = YES_ERROR;
				CLANG_WARN_EMPTY_BODY = YES;
				CLANG_WARN_ENUM_CONVERSION = YES;
				CLANG_WARN_INT_CONVERSION = YES;
				CLANG_WARN_OBJC_ROOT_CLASS = YES_ERROR;
				CLANG_WARN__DUPLICATE_METHOD_MATCH = YES;
				"CODE_SIGN_IDENTITY[sdk=iphoneos*]" = "iPhone Developer";
				COPY_PHASE_STRIP = NO;
				GCC_C_LANGUAGE_STANDARD = gnu99;
				GCC_DYNAMIC_NO_PIC = NO;
				GCC_OPTIMIZATION_LEVEL = 0;
				GCC_PREPROCESSOR_DEFINITIONS = (
					"DEBUG=1",
					"$(inherited)",
				);
				GCC_SYMBOLS_PRIVATE_EXTERN = NO;
				GCC_WARN_64_TO_32_BIT_CONVERSION = YES;
				GCC_WARN_ABOUT_RETURN_TYPE = YES_ERROR;
				GCC_WARN_UNDECLARED_SELECTOR = YES;
				GCC_WARN_UNINITIALIZED_AUTOS = YES;
				GCC_WARN_UNUSED_FUNCTION = YES;
				GCC_WARN_UNUSED_VARIABLE = YES;
				IPHONEOS_DEPLOYMENT_TARGET = 7.0;
				ONLY_ACTIVE_ARCH = YES;
				SDKROOT = iphoneos;
				TARGETED_DEVICE_FAMILY = "1,2";
			};
			name = Debug;
		};
		D5BAD12A189661BF0025604B /* Release */ = {
			isa = XCBuildConfiguration;
			buildSettings = {
				ALWAYS_SEARCH_USER_PATHS = NO;
				ARCHS = "$(ARCHS_STANDARD_INCLUDING_64_BIT)";
				CLANG_CXX_LANGUAGE_STANDARD = "gnu++0x";
				CLANG_CXX_LIBRARY = "libc++";
				CLANG_ENABLE_MODULES = YES;
				CLANG_ENABLE_OBJC_ARC = YES;
				CLANG_WARN_BOOL_CONVERSION = YES;
				CLANG_WARN_CONSTANT_CONVERSION = YES;
				CLANG_WARN_DIRECT_OBJC_ISA_USAGE = YES_ERROR;
				CLANG_WARN_EMPTY_BODY = YES;
				CLANG_WARN_ENUM_CONVERSION = YES;
				CLANG_WARN_INT_CONVERSION = YES;
				CLANG_WARN_OBJC_ROOT_CLASS = YES_ERROR;
				CLANG_WARN__DUPLICATE_METHOD_MATCH = YES;
				"CODE_SIGN_IDENTITY[sdk=iphoneos*]" = "iPhone Developer";
				COPY_PHASE_STRIP = YES;
				ENABLE_NS_ASSERTIONS = NO;
				GCC_C_LANGUAGE_STANDARD = gnu99;
				GCC_WARN_64_TO_32_BIT_CONVERSION = YES;
				GCC_WARN_ABOUT_RETURN_TYPE = YES_ERROR;
				GCC_WARN_UNDECLARED_SELECTOR = YES;
				GCC_WARN_UNINITIALIZED_AUTOS = YES;
				GCC_WARN_UNUSED_FUNCTION = YES;
				GCC_WARN_UNUSED_VARIABLE = YES;
				IPHONEOS_DEPLOYMENT_TARGET = 7.0;
				SDKROOT = iphoneos;
				TARGETED_DEVICE_FAMILY = "1,2";
				VALIDATE_PRODUCT = YES;
			};
			name = Release;
		};
		D5BAD12C189661BF0025604B /* Debug */ = {
			isa = XCBuildConfiguration;
			buildSettings = {
				ASSETCATALOG_COMPILER_APPICON_NAME = AppIcon;
				ASSETCATALOG_COMPILER_LAUNCHIMAGE_NAME = LaunchImage;
				GCC_PRECOMPILE_PREFIX_HEADER = YES;
				GCC_PREFIX_HEADER = "FormTextField/FormTextField-Prefix.pch";
				INFOPLIST_FILE = "FormTextField/FormTextField-Info.plist";
				IPHONEOS_DEPLOYMENT_TARGET = 6.0;
				PRODUCT_NAME = "$(TARGET_NAME)";
				WRAPPER_EXTENSION = app;
			};
			name = Debug;
		};
		D5BAD12D189661BF0025604B /* Release */ = {
			isa = XCBuildConfiguration;
			buildSettings = {
				ASSETCATALOG_COMPILER_APPICON_NAME = AppIcon;
				ASSETCATALOG_COMPILER_LAUNCHIMAGE_NAME = LaunchImage;
				GCC_PRECOMPILE_PREFIX_HEADER = YES;
				GCC_PREFIX_HEADER = "FormTextField/FormTextField-Prefix.pch";
				INFOPLIST_FILE = "FormTextField/FormTextField-Info.plist";
				IPHONEOS_DEPLOYMENT_TARGET = 6.0;
				PRODUCT_NAME = "$(TARGET_NAME)";
				WRAPPER_EXTENSION = app;
			};
			name = Release;
		};
		D5BAD12F189661BF0025604B /* Debug */ = {
			isa = XCBuildConfiguration;
			buildSettings = {
				ARCHS = "$(ARCHS_STANDARD_INCLUDING_64_BIT)";
				BUNDLE_LOADER = "$(BUILT_PRODUCTS_DIR)/FormTextField.app/FormTextField";
				FRAMEWORK_SEARCH_PATHS = (
					"$(SDKROOT)/Developer/Library/Frameworks",
					"$(inherited)",
					"$(DEVELOPER_FRAMEWORKS_DIR)",
				);
				GCC_PRECOMPILE_PREFIX_HEADER = YES;
				GCC_PREFIX_HEADER = "FormTextField/FormTextField-Prefix.pch";
				GCC_PREPROCESSOR_DEFINITIONS = (
					"DEBUG=1",
					"$(inherited)",
				);
				INFOPLIST_FILE = "FormTextFieldTests/FormTextFieldTests-Info.plist";
				PRODUCT_NAME = "$(TARGET_NAME)";
				TEST_HOST = "$(BUNDLE_LOADER)";
				WRAPPER_EXTENSION = xctest;
			};
			name = Debug;
		};
		D5BAD130189661BF0025604B /* Release */ = {
			isa = XCBuildConfiguration;
			buildSettings = {
				ARCHS = "$(ARCHS_STANDARD_INCLUDING_64_BIT)";
				BUNDLE_LOADER = "$(BUILT_PRODUCTS_DIR)/FormTextField.app/FormTextField";
				FRAMEWORK_SEARCH_PATHS = (
					"$(SDKROOT)/Developer/Library/Frameworks",
					"$(inherited)",
					"$(DEVELOPER_FRAMEWORKS_DIR)",
				);
				GCC_PRECOMPILE_PREFIX_HEADER = YES;
				GCC_PREFIX_HEADER = "FormTextField/FormTextField-Prefix.pch";
				INFOPLIST_FILE = "FormTextFieldTests/FormTextFieldTests-Info.plist";
				PRODUCT_NAME = "$(TARGET_NAME)";
				TEST_HOST = "$(BUNDLE_LOADER)";
				WRAPPER_EXTENSION = xctest;
			};
			name = Release;
		};
/* End XCBuildConfiguration section */

/* Begin XCConfigurationList section */
		D5BAD0F4189661BF0025604B /* Build configuration list for PBXProject "FormTextField" */ = {
			isa = XCConfigurationList;
			buildConfigurations = (
				D5BAD129189661BF0025604B /* Debug */,
				D5BAD12A189661BF0025604B /* Release */,
			);
			defaultConfigurationIsVisible = 0;
			defaultConfigurationName = Release;
		};
		D5BAD12B189661BF0025604B /* Build configuration list for PBXNativeTarget "FormTextField" */ = {
			isa = XCConfigurationList;
			buildConfigurations = (
				D5BAD12C189661BF0025604B /* Debug */,
				D5BAD12D189661BF0025604B /* Release */,
			);
			defaultConfigurationIsVisible = 0;
		};
		D5BAD12E189661BF0025604B /* Build configuration list for PBXNativeTarget "FormTextFieldTests" */ = {
			isa = XCConfigurationList;
			buildConfigurations = (
				D5BAD12F189661BF0025604B /* Debug */,
				D5BAD130189661BF0025604B /* Release */,
			);
			defaultConfigurationIsVisible = 0;
		};
/* End XCConfigurationList section */
	};
	rootObject = D5BAD0F1189661BF0025604B /* Project object */;
}
